
Microsoft Visual Studio Solution File, Format Version 12.00
# Visual Studio Version 17
VisualStudioVersion = 17.5.33530.505
MinimumVisualStudioVersion = 10.0.40219.1
Project("{FAE04EC0-301F-11D3-BF4B-00C04F79EFBC}") = "SinglePageApplicationValidation", "SinglePageApplicationValidation.csproj", "{BCDD28D4-9807-4E21-98AA-F482D53AD011}"
EndProject
Global
	GlobalSection(SolutionConfigurationPlatforms) = preSolution
		Debug|Any CPU = Debug|Any CPU
		Release|Any CPU = Release|Any CPU
	EndGlobalSection
	GlobalSection(ProjectConfigurationPlatforms) = postSolution
		{BCDD28D4-9807-4E21-98AA-F482D53AD011}.Debug|Any CPU.ActiveCfg = Debug|Any CPU
		{BCDD28D4-9807-4E21-98AA-F482D53AD011}.Debug|Any CPU.Build.0 = Debug|Any CPU
		{BCDD28D4-9807-4E21-98AA-F482D53AD011}.Release|Any CPU.ActiveCfg = Release|Any CPU
		{BCDD28D4-9807-4E21-98AA-F482D53AD011}.Release|Any CPU.Build.0 = Release|Any CPU
	EndGlobalSection
	GlobalSection(SolutionProperties) = preSolution
		HideSolutionNode = FALSE
	EndGlobalSection
	GlobalSection(ExtensibilityGlobals) = postSolution
		SolutionGuid = {56FBEF31-E151-49B2-962B-F19CB24E41FE}
	EndGlobalSection
EndGlobal
